<?xml version="1.0" encoding="utf-8"?>
<Project ToolsVersion="4.0" xmlns="http://schemas.microsoft.com/developer/msbuild/2003">
  <ItemGroup>
    <Filter Include="Quelldateien">
      <UniqueIdentifier>{4FC737F1-C7A5-4376-A066-2A32D752A2FF}</UniqueIdentifier>
      <Extensions>cpp;c;cc;cxx;c++;cppm;ixx;def;odl;idl;hpj;bat;asm;asmx</Extensions>
    </Filter>
    <Filter Include="Headerdateien">
      <UniqueIdentifier>{93995380-89BD-4b04-88EB-625FBE52EBFB}</UniqueIdentifier>
      <Extensions>h;hh;hpp;hxx;h++;hm;inl;inc;ipp;xsd</Extensions>
    </Filter>
    <Filter Include="Ressourcendateien">
      <UniqueIdentifier>{67DA6AB6-F800-4c08-8B7A-83BB121AAD01}</UniqueIdentifier>
      <Extensions>rc;ico;cur;bmp;dlg;rc2;rct;bin;rgs;gif;jpg;jpeg;jpe;resx;tiff;tif;png;wav;mfcribbon-ms</Extensions>
    </Filter>
  </ItemGroup>
  <ItemGroup>
    <ClCompile Include="window.cpp">
      <Filter>Quelldateien</Filter>
    </ClCompile>
    <ClCompile Include="Output\image.cpp">
      <Filter>Quelldateien</Filter>
    </ClCompile>
    <ClCompile Include="main.cpp">
      <Filter>Quelldateien</Filter>
    </ClCompile>
    <ClCompile Include="Output\printer.cpp">
      <Filter>Quelldateien</Filter>
    </ClCompile>
    <ClCompile Include="raytracer.cpp">
      <Filter>Quelldateien</Filter>
    </ClCompile>
    <ClCompile Include="Data\triangle3.cpp">
      <Filter>Quelldateien</Filter>
    </ClCompile>
    <ClCompile Include="Scene\example_scene.cpp">
      <Filter>Quelldateien</Filter>
    </ClCompile>
    <ClCompile Include="Data\sphere.cpp">
      <Filter>Quelldateien</Filter>
    </ClCompile>
    <ClCompile Include="closest_intersection.cpp">
      <Filter>Quelldateien</Filter>
    </ClCompile>
    <ClCompile Include="intersection_test.cpp">
      <Filter>Quelldateien</Filter>
    </ClCompile>
    <ClCompile Include="BVH\Construct_BVH.cpp">
      <Filter>Quelldateien</Filter>
    </ClCompile>
    <ClCompile Include="ObjectLoader\loader.cpp">
      <Filter>Quelldateien</Filter>
    </ClCompile>
  </ItemGroup>
  <ItemGroup>
    <ClInclude Include="Output\image.h">
      <Filter>Headerdateien</Filter>
    </ClInclude>
    <ClInclude Include="Output\printer.h">
      <Filter>Headerdateien</Filter>
    </ClInclude>
    <ClInclude Include="Output\image_data.h">
      <Filter>Headerdateien</Filter>
    </ClInclude>
    <ClInclude Include="window.h">
      <Filter>Headerdateien</Filter>
    </ClInclude>
    <ClInclude Include="Data\ray.h">
      <Filter>Headerdateien</Filter>
    </ClInclude>
    <ClInclude Include="Data\vector3.h">
      <Filter>Headerdateien</Filter>
    </ClInclude>
    <ClInclude Include="raytracer.h">
      <Filter>Headerdateien</Filter>
    </ClInclude>
    <ClInclude Include="object_loader.h">
      <Filter>Headerdateien</Filter>
    </ClInclude>
    <ClInclude Include="Data\triangle3.h">
      <Filter>Headerdateien</Filter>
    </ClInclude>
    <ClInclude Include="Data\RGB_Material.h">
      <Filter>Headerdateien</Filter>
    </ClInclude>
    <ClInclude Include="Intersection.h">
      <Filter>Headerdateien</Filter>
    </ClInclude>
    <ClInclude Include="Scene\example_scene.h">
      <Filter>Headerdateien</Filter>
    </ClInclude>
    <ClInclude Include="Data\sphere.h">
      <Filter>Headerdateien</Filter>
    </ClInclude>
    <ClInclude Include="closest_intersection.h">
      <Filter>Headerdateien</Filter>
    </ClInclude>
    <ClInclude Include="intersection_test.h">
      <Filter>Headerdateien</Filter>
    </ClInclude>
    <ClInclude Include="BVH\BoundingVolumeTree.h">
      <Filter>Headerdateien</Filter>
    </ClInclude>
    <ClInclude Include="BVH\AABB.h">
      <Filter>Headerdateien</Filter>
    </ClInclude>
    <ClInclude Include="global_values.h">
      <Filter>Headerdateien</Filter>
    </ClInclude>
    <ClInclude Include="BVH\Construct_BVH.h">
      <Filter>Headerdateien</Filter>
    </ClInclude>
    <ClInclude Include="ObjectLoader\loader.h">
      <Filter>Headerdateien</Filter>
    </ClInclude>
  </ItemGroup>
  <ItemGroup>
    <None Include="readme.md" />
  </ItemGroup>
</Project>